
Microsoft Visual Studio Solution File, Format Version 12.00
# Visual Studio 15
VisualStudioVersion = 15.0.28307.421
MinimumVisualStudioVersion = 10.0.40219.1
Project("{9A19103F-16F7-4668-BE54-9A1E7A4F7556}") = "Reminder.Storage.Core", "Reminder.Storage.Core\Reminder.Storage.Core.csproj", "{6ACBC3AF-A523-466D-9374-6A0986DD6684}"
EndProject
Project("{9A19103F-16F7-4668-BE54-9A1E7A4F7556}") = "Reminder.Storage.InMemory", "Reminder.Storage.InMemory\Reminder.Storage.InMemory.csproj", "{A4870B64-64C7-4C30-AEC8-C674ED9B1095}"
EndProject
Project("{9A19103F-16F7-4668-BE54-9A1E7A4F7556}") = "Reminder.Storage.Core.Test", "Reminder.Storage.Core.Test\Reminder.Storage.Core.Test.csproj", "{948D1F5F-7DFE-4105-A206-498052D3B620}"
EndProject
Project("{FAE04EC0-301F-11D3-BF4B-00C04F79EFBC}") = "Reminder.Storage.InMemory.Test", "Reminder.Storage.InMemory.Test\Reminder.Storage.InMemory.Test.csproj", "{58698DE9-1966-4040-9670-1A2CB519F004}"
EndProject
Global
	GlobalSection(SolutionConfigurationPlatforms) = preSolution
		Debug|Any CPU = Debug|Any CPU
		Release|Any CPU = Release|Any CPU
	EndGlobalSection
	GlobalSection(ProjectConfigurationPlatforms) = postSolution
		{6ACBC3AF-A523-466D-9374-6A0986DD6684}.Debug|Any CPU.ActiveCfg = Debug|Any CPU
		{6ACBC3AF-A523-466D-9374-6A0986DD6684}.Debug|Any CPU.Build.0 = Debug|Any CPU
		{6ACBC3AF-A523-466D-9374-6A0986DD6684}.Release|Any CPU.ActiveCfg = Release|Any CPU
		{6ACBC3AF-A523-466D-9374-6A0986DD6684}.Release|Any CPU.Build.0 = Release|Any CPU
		{A4870B64-64C7-4C30-AEC8-C674ED9B1095}.Debug|Any CPU.ActiveCfg = Debug|Any CPU
		{A4870B64-64C7-4C30-AEC8-C674ED9B1095}.Debug|Any CPU.Build.0 = Debug|Any CPU
		{A4870B64-64C7-4C30-AEC8-C674ED9B1095}.Release|Any CPU.ActiveCfg = Release|Any CPU
		{A4870B64-64C7-4C30-AEC8-C674ED9B1095}.Release|Any CPU.Build.0 = Release|Any CPU
		{948D1F5F-7DFE-4105-A206-498052D3B620}.Debug|Any CPU.ActiveCfg = Debug|Any CPU
		{948D1F5F-7DFE-4105-A206-498052D3B620}.Debug|Any CPU.Build.0 = Debug|Any CPU
		{948D1F5F-7DFE-4105-A206-498052D3B620}.Release|Any CPU.ActiveCfg = Release|Any CPU
		{948D1F5F-7DFE-4105-A206-498052D3B620}.Release|Any CPU.Build.0 = Release|Any CPU
		{58698DE9-1966-4040-9670-1A2CB519F004}.Debug|Any CPU.ActiveCfg = Debug|Any CPU
		{58698DE9-1966-4040-9670-1A2CB519F004}.Debug|Any CPU.Build.0 = Debug|Any CPU
		{58698DE9-1966-4040-9670-1A2CB519F004}.Release|Any CPU.ActiveCfg = Release|Any CPU
		{58698DE9-1966-4040-9670-1A2CB519F004}.Release|Any CPU.Build.0 = Release|Any CPU
	EndGlobalSection
	GlobalSection(SolutionProperties) = preSolution
		HideSolutionNode = FALSE
	EndGlobalSection
	GlobalSection(ExtensibilityGlobals) = postSolution
		SolutionGuid = {04E2FB56-4C6B-4E6E-BA2B-7344B51A25A7}
	EndGlobalSection
EndGlobal
