
Microsoft Visual Studio Solution File, Format Version 12.00
# Visual Studio 15
VisualStudioVersion = 15.0.28307.421
MinimumVisualStudioVersion = 10.0.40219.1
Project("{FAE04EC0-301F-11D3-BF4B-00C04F79EFBC}") = "Calculator", "Calculator\Calculator.csproj", "{B7F8A436-1C9E-4A2E-B518-3BEF4E2F0877}"
EndProject
Global
	GlobalSection(SolutionConfigurationPlatforms) = preSolution
		Debug|Any CPU = Debug|Any CPU
		Release|Any CPU = Release|Any CPU
	EndGlobalSection
	GlobalSection(ProjectConfigurationPlatforms) = postSolution
		{B7F8A436-1C9E-4A2E-B518-3BEF4E2F0877}.Debug|Any CPU.ActiveCfg = Debug|Any CPU
		{B7F8A436-1C9E-4A2E-B518-3BEF4E2F0877}.Debug|Any CPU.Build.0 = Debug|Any CPU
		{B7F8A436-1C9E-4A2E-B518-3BEF4E2F0877}.Release|Any CPU.ActiveCfg = Release|Any CPU
		{B7F8A436-1C9E-4A2E-B518-3BEF4E2F0877}.Release|Any CPU.Build.0 = Release|Any CPU
	EndGlobalSection
	GlobalSection(SolutionProperties) = preSolution
		HideSolutionNode = FALSE
	EndGlobalSection
	GlobalSection(ExtensibilityGlobals) = postSolution
		SolutionGuid = {50875CDA-841D-4CCE-A6A9-05862AFE1F09}
	EndGlobalSection
EndGlobal
