
Microsoft Visual Studio Solution File, Format Version 12.00
# Visual Studio 15
VisualStudioVersion = 15.0.28307.421
MinimumVisualStudioVersion = 10.0.40219.1
Project("{FAE04EC0-301F-11D3-BF4B-00C04F79EFBC}") = "ConsoleApp1", "ConsoleApp1\ConsoleApp1.csproj", "{143328D3-64F9-4710-85D3-63D3A32AF2C2}"
EndProject
Global
	GlobalSection(SolutionConfigurationPlatforms) = preSolution
		Debug|Any CPU = Debug|Any CPU
		Release|Any CPU = Release|Any CPU
	EndGlobalSection
	GlobalSection(ProjectConfigurationPlatforms) = postSolution
		{143328D3-64F9-4710-85D3-63D3A32AF2C2}.Debug|Any CPU.ActiveCfg = Debug|Any CPU
		{143328D3-64F9-4710-85D3-63D3A32AF2C2}.Debug|Any CPU.Build.0 = Debug|Any CPU
		{143328D3-64F9-4710-85D3-63D3A32AF2C2}.Release|Any CPU.ActiveCfg = Release|Any CPU
		{143328D3-64F9-4710-85D3-63D3A32AF2C2}.Release|Any CPU.Build.0 = Release|Any CPU
	EndGlobalSection
	GlobalSection(SolutionProperties) = preSolution
		HideSolutionNode = FALSE
	EndGlobalSection
	GlobalSection(ExtensibilityGlobals) = postSolution
		SolutionGuid = {201CB5B7-E2F6-4ED6-94DF-43D4240369D7}
	EndGlobalSection
EndGlobal
