
Microsoft Visual Studio Solution File, Format Version 12.00
# Visual Studio 15
VisualStudioVersion = 15.0.28307.421
MinimumVisualStudioVersion = 10.0.40219.1
Project("{FAE04EC0-301F-11D3-BF4B-00C04F79EFBC}") = "ClassApp", "ClassApp\ClassApp.csproj", "{DDADDDDC-2536-4D20-BC2F-61C8E1DC5B2A}"
EndProject
Global
	GlobalSection(SolutionConfigurationPlatforms) = preSolution
		Debug|Any CPU = Debug|Any CPU
		Release|Any CPU = Release|Any CPU
	EndGlobalSection
	GlobalSection(ProjectConfigurationPlatforms) = postSolution
		{DDADDDDC-2536-4D20-BC2F-61C8E1DC5B2A}.Debug|Any CPU.ActiveCfg = Debug|Any CPU
		{DDADDDDC-2536-4D20-BC2F-61C8E1DC5B2A}.Debug|Any CPU.Build.0 = Debug|Any CPU
		{DDADDDDC-2536-4D20-BC2F-61C8E1DC5B2A}.Release|Any CPU.ActiveCfg = Release|Any CPU
		{DDADDDDC-2536-4D20-BC2F-61C8E1DC5B2A}.Release|Any CPU.Build.0 = Release|Any CPU
	EndGlobalSection
	GlobalSection(SolutionProperties) = preSolution
		HideSolutionNode = FALSE
	EndGlobalSection
	GlobalSection(ExtensibilityGlobals) = postSolution
		SolutionGuid = {8DA52D0B-FB6C-4891-8143-699347342C29}
	EndGlobalSection
EndGlobal
