
Microsoft Visual Studio Solution File, Format Version 12.00
# Visual Studio 15
VisualStudioVersion = 15.0.28307.421
MinimumVisualStudioVersion = 10.0.40219.1
Project("{FAE04EC0-301F-11D3-BF4B-00C04F79EFBC}") = "CW 13_1", "CW 13_1\CW 13_1.csproj", "{0681B9A0-A2C4-4116-80EE-C23827A7CCBC}"
EndProject
Global
	GlobalSection(SolutionConfigurationPlatforms) = preSolution
		Debug|Any CPU = Debug|Any CPU
		Release|Any CPU = Release|Any CPU
	EndGlobalSection
	GlobalSection(ProjectConfigurationPlatforms) = postSolution
		{0681B9A0-A2C4-4116-80EE-C23827A7CCBC}.Debug|Any CPU.ActiveCfg = Debug|Any CPU
		{0681B9A0-A2C4-4116-80EE-C23827A7CCBC}.Debug|Any CPU.Build.0 = Debug|Any CPU
		{0681B9A0-A2C4-4116-80EE-C23827A7CCBC}.Release|Any CPU.ActiveCfg = Release|Any CPU
		{0681B9A0-A2C4-4116-80EE-C23827A7CCBC}.Release|Any CPU.Build.0 = Release|Any CPU
	EndGlobalSection
	GlobalSection(SolutionProperties) = preSolution
		HideSolutionNode = FALSE
	EndGlobalSection
	GlobalSection(ExtensibilityGlobals) = postSolution
		SolutionGuid = {D2709E1B-6637-4173-9C92-EF51556AB9CA}
	EndGlobalSection
EndGlobal
