
Microsoft Visual Studio Solution File, Format Version 12.00
# Visual Studio 15
VisualStudioVersion = 15.0.28307.421
MinimumVisualStudioVersion = 10.0.40219.1
Project("{FAE04EC0-301F-11D3-BF4B-00C04F79EFBC}") = "HomeWorkApp", "HomeWorkApp\HomeWorkApp.csproj", "{5EE63C56-4306-4714-902A-F18DF3C47DCC}"
EndProject
Global
	GlobalSection(SolutionConfigurationPlatforms) = preSolution
		Debug|Any CPU = Debug|Any CPU
		Release|Any CPU = Release|Any CPU
	EndGlobalSection
	GlobalSection(ProjectConfigurationPlatforms) = postSolution
		{5EE63C56-4306-4714-902A-F18DF3C47DCC}.Debug|Any CPU.ActiveCfg = Debug|Any CPU
		{5EE63C56-4306-4714-902A-F18DF3C47DCC}.Debug|Any CPU.Build.0 = Debug|Any CPU
		{5EE63C56-4306-4714-902A-F18DF3C47DCC}.Release|Any CPU.ActiveCfg = Release|Any CPU
		{5EE63C56-4306-4714-902A-F18DF3C47DCC}.Release|Any CPU.Build.0 = Release|Any CPU
	EndGlobalSection
	GlobalSection(SolutionProperties) = preSolution
		HideSolutionNode = FALSE
	EndGlobalSection
	GlobalSection(ExtensibilityGlobals) = postSolution
		SolutionGuid = {CE38910D-8171-4F79-8B2B-20A58749ED2C}
	EndGlobalSection
EndGlobal
