
Microsoft Visual Studio Solution File, Format Version 12.00
# Visual Studio 15
VisualStudioVersion = 15.0.28307.421
MinimumVisualStudioVersion = 10.0.40219.1
Project("{FAE04EC0-301F-11D3-BF4B-00C04F79EFBC}") = "ClassApp", "ClassApp\ClassApp.csproj", "{D6C60322-135F-4DF9-8A85-6EEA2D1EA55D}"
EndProject
Project("{FAE04EC0-301F-11D3-BF4B-00C04F79EFBC}") = "ConsoleApp1", "ConsoleApp1\ConsoleApp1.csproj", "{7C24F5DC-3EC0-41FC-9654-9BB5374FBCD8}"
EndProject
Project("{FAE04EC0-301F-11D3-BF4B-00C04F79EFBC}") = "queue", "queue\queue.csproj", "{AD3484F0-0F97-4A2F-89FB-D37A863B4152}"
EndProject
Project("{FAE04EC0-301F-11D3-BF4B-00C04F79EFBC}") = "ClassWork", "ClassWork\ClassWork.csproj", "{F682BBD1-4979-46A6-B1CF-0C36F4B8B232}"
EndProject
Global
	GlobalSection(SolutionConfigurationPlatforms) = preSolution
		Debug|Any CPU = Debug|Any CPU
		Release|Any CPU = Release|Any CPU
	EndGlobalSection
	GlobalSection(ProjectConfigurationPlatforms) = postSolution
		{D6C60322-135F-4DF9-8A85-6EEA2D1EA55D}.Debug|Any CPU.ActiveCfg = Debug|Any CPU
		{D6C60322-135F-4DF9-8A85-6EEA2D1EA55D}.Debug|Any CPU.Build.0 = Debug|Any CPU
		{D6C60322-135F-4DF9-8A85-6EEA2D1EA55D}.Release|Any CPU.ActiveCfg = Release|Any CPU
		{D6C60322-135F-4DF9-8A85-6EEA2D1EA55D}.Release|Any CPU.Build.0 = Release|Any CPU
		{7C24F5DC-3EC0-41FC-9654-9BB5374FBCD8}.Debug|Any CPU.ActiveCfg = Debug|Any CPU
		{7C24F5DC-3EC0-41FC-9654-9BB5374FBCD8}.Debug|Any CPU.Build.0 = Debug|Any CPU
		{7C24F5DC-3EC0-41FC-9654-9BB5374FBCD8}.Release|Any CPU.ActiveCfg = Release|Any CPU
		{7C24F5DC-3EC0-41FC-9654-9BB5374FBCD8}.Release|Any CPU.Build.0 = Release|Any CPU
		{AD3484F0-0F97-4A2F-89FB-D37A863B4152}.Debug|Any CPU.ActiveCfg = Debug|Any CPU
		{AD3484F0-0F97-4A2F-89FB-D37A863B4152}.Debug|Any CPU.Build.0 = Debug|Any CPU
		{AD3484F0-0F97-4A2F-89FB-D37A863B4152}.Release|Any CPU.ActiveCfg = Release|Any CPU
		{AD3484F0-0F97-4A2F-89FB-D37A863B4152}.Release|Any CPU.Build.0 = Release|Any CPU
		{F682BBD1-4979-46A6-B1CF-0C36F4B8B232}.Debug|Any CPU.ActiveCfg = Debug|Any CPU
		{F682BBD1-4979-46A6-B1CF-0C36F4B8B232}.Debug|Any CPU.Build.0 = Debug|Any CPU
		{F682BBD1-4979-46A6-B1CF-0C36F4B8B232}.Release|Any CPU.ActiveCfg = Release|Any CPU
		{F682BBD1-4979-46A6-B1CF-0C36F4B8B232}.Release|Any CPU.Build.0 = Release|Any CPU
	EndGlobalSection
	GlobalSection(SolutionProperties) = preSolution
		HideSolutionNode = FALSE
	EndGlobalSection
	GlobalSection(ExtensibilityGlobals) = postSolution
		SolutionGuid = {2CA41C5D-7357-4E6B-863D-2B7DE1941832}
	EndGlobalSection
EndGlobal
