
Microsoft Visual Studio Solution File, Format Version 12.00
# Visual Studio 15
VisualStudioVersion = 15.0.28307.421
MinimumVisualStudioVersion = 10.0.40219.1
Project("{FAE04EC0-301F-11D3-BF4B-00C04F79EFBC}") = "DemoApp1", "DemoApp1\DemoApp1.csproj", "{077B3D9D-835E-4666-875D-C0D828A41C63}"
EndProject
Global
	GlobalSection(SolutionConfigurationPlatforms) = preSolution
		Debug|Any CPU = Debug|Any CPU
		Release|Any CPU = Release|Any CPU
	EndGlobalSection
	GlobalSection(ProjectConfigurationPlatforms) = postSolution
		{077B3D9D-835E-4666-875D-C0D828A41C63}.Debug|Any CPU.ActiveCfg = Debug|Any CPU
		{077B3D9D-835E-4666-875D-C0D828A41C63}.Debug|Any CPU.Build.0 = Debug|Any CPU
		{077B3D9D-835E-4666-875D-C0D828A41C63}.Release|Any CPU.ActiveCfg = Release|Any CPU
		{077B3D9D-835E-4666-875D-C0D828A41C63}.Release|Any CPU.Build.0 = Release|Any CPU
	EndGlobalSection
	GlobalSection(SolutionProperties) = preSolution
		HideSolutionNode = FALSE
	EndGlobalSection
	GlobalSection(ExtensibilityGlobals) = postSolution
		SolutionGuid = {4BEAE73B-AB83-495E-BB59-24F6B00E32EC}
	EndGlobalSection
EndGlobal
