
Microsoft Visual Studio Solution File, Format Version 12.00
# Visual Studio 15
VisualStudioVersion = 15.0.28307.572
MinimumVisualStudioVersion = 10.0.40219.1
Project("{FAE04EC0-301F-11D3-BF4B-00C04F79EFBC}") = "HW_34", "HW_34\HW_34.csproj", "{4DC38256-3173-44C2-93B7-1D3069ECA46A}"
EndProject
Global
	GlobalSection(SolutionConfigurationPlatforms) = preSolution
		Debug|Any CPU = Debug|Any CPU
		Release|Any CPU = Release|Any CPU
	EndGlobalSection
	GlobalSection(ProjectConfigurationPlatforms) = postSolution
		{4DC38256-3173-44C2-93B7-1D3069ECA46A}.Debug|Any CPU.ActiveCfg = Debug|Any CPU
		{4DC38256-3173-44C2-93B7-1D3069ECA46A}.Debug|Any CPU.Build.0 = Debug|Any CPU
		{4DC38256-3173-44C2-93B7-1D3069ECA46A}.Release|Any CPU.ActiveCfg = Release|Any CPU
		{4DC38256-3173-44C2-93B7-1D3069ECA46A}.Release|Any CPU.Build.0 = Release|Any CPU
	EndGlobalSection
	GlobalSection(SolutionProperties) = preSolution
		HideSolutionNode = FALSE
	EndGlobalSection
	GlobalSection(ExtensibilityGlobals) = postSolution
		SolutionGuid = {B49DCD89-8D36-4011-89C5-B32E3E556CEE}
	EndGlobalSection
EndGlobal
