
Microsoft Visual Studio Solution File, Format Version 12.00
# Visual Studio 15
VisualStudioVersion = 15.0.28307.421
MinimumVisualStudioVersion = 10.0.40219.1
Project("{FAE04EC0-301F-11D3-BF4B-00C04F79EFBC}") = "ClassApp1", "ClassApp1\ClassApp1.csproj", "{EB2A5A1C-E1AF-49C4-8F73-E0B9C6C8491B}"
EndProject
Global
	GlobalSection(SolutionConfigurationPlatforms) = preSolution
		Debug|Any CPU = Debug|Any CPU
		Release|Any CPU = Release|Any CPU
	EndGlobalSection
	GlobalSection(ProjectConfigurationPlatforms) = postSolution
		{EB2A5A1C-E1AF-49C4-8F73-E0B9C6C8491B}.Debug|Any CPU.ActiveCfg = Debug|Any CPU
		{EB2A5A1C-E1AF-49C4-8F73-E0B9C6C8491B}.Debug|Any CPU.Build.0 = Debug|Any CPU
		{EB2A5A1C-E1AF-49C4-8F73-E0B9C6C8491B}.Release|Any CPU.ActiveCfg = Release|Any CPU
		{EB2A5A1C-E1AF-49C4-8F73-E0B9C6C8491B}.Release|Any CPU.Build.0 = Release|Any CPU
	EndGlobalSection
	GlobalSection(SolutionProperties) = preSolution
		HideSolutionNode = FALSE
	EndGlobalSection
	GlobalSection(ExtensibilityGlobals) = postSolution
		SolutionGuid = {9D931AAB-1C24-4F6C-88F8-27CEA164596E}
	EndGlobalSection
EndGlobal
