
Microsoft Visual Studio Solution File, Format Version 12.00
# Visual Studio 15
VisualStudioVersion = 15.0.28307.421
MinimumVisualStudioVersion = 10.0.40219.1
Project("{FAE04EC0-301F-11D3-BF4B-00C04F79EFBC}") = "CW_17", "CW_17\CW_17.csproj", "{E0C37223-5490-42D5-81E8-C1A70A73C680}"
EndProject
Project("{FAE04EC0-301F-11D3-BF4B-00C04F79EFBC}") = "CW17_SW", "CW17_SW\CW17_SW.csproj", "{5450CF6E-0E27-4FD9-B830-0A379D7C25A2}"
EndProject
Global
	GlobalSection(SolutionConfigurationPlatforms) = preSolution
		Debug|Any CPU = Debug|Any CPU
		Release|Any CPU = Release|Any CPU
	EndGlobalSection
	GlobalSection(ProjectConfigurationPlatforms) = postSolution
		{E0C37223-5490-42D5-81E8-C1A70A73C680}.Debug|Any CPU.ActiveCfg = Debug|Any CPU
		{E0C37223-5490-42D5-81E8-C1A70A73C680}.Debug|Any CPU.Build.0 = Debug|Any CPU
		{E0C37223-5490-42D5-81E8-C1A70A73C680}.Release|Any CPU.ActiveCfg = Release|Any CPU
		{E0C37223-5490-42D5-81E8-C1A70A73C680}.Release|Any CPU.Build.0 = Release|Any CPU
		{5450CF6E-0E27-4FD9-B830-0A379D7C25A2}.Debug|Any CPU.ActiveCfg = Debug|Any CPU
		{5450CF6E-0E27-4FD9-B830-0A379D7C25A2}.Debug|Any CPU.Build.0 = Debug|Any CPU
		{5450CF6E-0E27-4FD9-B830-0A379D7C25A2}.Release|Any CPU.ActiveCfg = Release|Any CPU
		{5450CF6E-0E27-4FD9-B830-0A379D7C25A2}.Release|Any CPU.Build.0 = Release|Any CPU
	EndGlobalSection
	GlobalSection(SolutionProperties) = preSolution
		HideSolutionNode = FALSE
	EndGlobalSection
	GlobalSection(ExtensibilityGlobals) = postSolution
		SolutionGuid = {24C7AC62-F062-4214-B684-468B3F574A2E}
	EndGlobalSection
EndGlobal
