
Microsoft Visual Studio Solution File, Format Version 12.00
# Visual Studio 15
VisualStudioVersion = 15.0.28307.421
MinimumVisualStudioVersion = 10.0.40219.1
Project("{FAE04EC0-301F-11D3-BF4B-00C04F79EFBC}") = "HM", "HM\HM.csproj", "{94F06483-722C-4A63-A257-A56F122831BB}"
EndProject
Global
	GlobalSection(SolutionConfigurationPlatforms) = preSolution
		Debug|Any CPU = Debug|Any CPU
		Release|Any CPU = Release|Any CPU
	EndGlobalSection
	GlobalSection(ProjectConfigurationPlatforms) = postSolution
		{94F06483-722C-4A63-A257-A56F122831BB}.Debug|Any CPU.ActiveCfg = Debug|Any CPU
		{94F06483-722C-4A63-A257-A56F122831BB}.Debug|Any CPU.Build.0 = Debug|Any CPU
		{94F06483-722C-4A63-A257-A56F122831BB}.Release|Any CPU.ActiveCfg = Release|Any CPU
		{94F06483-722C-4A63-A257-A56F122831BB}.Release|Any CPU.Build.0 = Release|Any CPU
	EndGlobalSection
	GlobalSection(SolutionProperties) = preSolution
		HideSolutionNode = FALSE
	EndGlobalSection
	GlobalSection(ExtensibilityGlobals) = postSolution
		SolutionGuid = {B9B54F89-3CAD-4F17-A82F-76AD6DBCAF14}
	EndGlobalSection
EndGlobal
