
Microsoft Visual Studio Solution File, Format Version 12.00
# Visual Studio 15
VisualStudioVersion = 15.0.28307.421
MinimumVisualStudioVersion = 10.0.40219.1
Project("{FAE04EC0-301F-11D3-BF4B-00C04F79EFBC}") = "CW 16", "CW 16\CW 16.csproj", "{3DB8C5B3-5B05-4354-85F5-6F62A46FD1AD}"
EndProject
Global
	GlobalSection(SolutionConfigurationPlatforms) = preSolution
		Debug|Any CPU = Debug|Any CPU
		Release|Any CPU = Release|Any CPU
	EndGlobalSection
	GlobalSection(ProjectConfigurationPlatforms) = postSolution
		{3DB8C5B3-5B05-4354-85F5-6F62A46FD1AD}.Debug|Any CPU.ActiveCfg = Debug|Any CPU
		{3DB8C5B3-5B05-4354-85F5-6F62A46FD1AD}.Debug|Any CPU.Build.0 = Debug|Any CPU
		{3DB8C5B3-5B05-4354-85F5-6F62A46FD1AD}.Release|Any CPU.ActiveCfg = Release|Any CPU
		{3DB8C5B3-5B05-4354-85F5-6F62A46FD1AD}.Release|Any CPU.Build.0 = Release|Any CPU
	EndGlobalSection
	GlobalSection(SolutionProperties) = preSolution
		HideSolutionNode = FALSE
	EndGlobalSection
	GlobalSection(ExtensibilityGlobals) = postSolution
		SolutionGuid = {F6D09575-AD3A-4015-8614-2D81457EF30C}
	EndGlobalSection
EndGlobal
