
Microsoft Visual Studio Solution File, Format Version 12.00
# Visual Studio 15
VisualStudioVersion = 15.0.28010.2048
MinimumVisualStudioVersion = 10.0.40219.1
Project("{FAE04EC0-301F-11D3-BF4B-00C04F79EFBC}") = "HomeWorkApp1", "HomeWorkApp1\HomeWorkApp1.csproj", "{EEF41259-0AC0-4ABA-BEB2-9BAE12ABC126}"
EndProject
Global
	GlobalSection(SolutionConfigurationPlatforms) = preSolution
		Debug|Any CPU = Debug|Any CPU
		Release|Any CPU = Release|Any CPU
	EndGlobalSection
	GlobalSection(ProjectConfigurationPlatforms) = postSolution
		{EEF41259-0AC0-4ABA-BEB2-9BAE12ABC126}.Debug|Any CPU.ActiveCfg = Debug|Any CPU
		{EEF41259-0AC0-4ABA-BEB2-9BAE12ABC126}.Debug|Any CPU.Build.0 = Debug|Any CPU
		{EEF41259-0AC0-4ABA-BEB2-9BAE12ABC126}.Release|Any CPU.ActiveCfg = Release|Any CPU
		{EEF41259-0AC0-4ABA-BEB2-9BAE12ABC126}.Release|Any CPU.Build.0 = Release|Any CPU
	EndGlobalSection
	GlobalSection(SolutionProperties) = preSolution
		HideSolutionNode = FALSE
	EndGlobalSection
	GlobalSection(ExtensibilityGlobals) = postSolution
		SolutionGuid = {87EF3164-1B49-46D2-8487-0EEC1623A320}
	EndGlobalSection
EndGlobal
