
Microsoft Visual Studio Solution File, Format Version 12.00
# Visual Studio 15
VisualStudioVersion = 15.0.28307.421
MinimumVisualStudioVersion = 10.0.40219.1
Project("{FAE04EC0-301F-11D3-BF4B-00C04F79EFBC}") = "ClassApp1", "ClassApp1\ClassApp1.csproj", "{56A1C739-B351-4632-B3D6-762D3C6ADFC3}"
EndProject
Project("{FAE04EC0-301F-11D3-BF4B-00C04F79EFBC}") = "ConsoleApp2", "ConsoleApp2\ConsoleApp2.csproj", "{8161934E-2B37-4DA8-B480-A6E587D1C2D6}"
EndProject
Global
	GlobalSection(SolutionConfigurationPlatforms) = preSolution
		Debug|Any CPU = Debug|Any CPU
		Release|Any CPU = Release|Any CPU
	EndGlobalSection
	GlobalSection(ProjectConfigurationPlatforms) = postSolution
		{56A1C739-B351-4632-B3D6-762D3C6ADFC3}.Debug|Any CPU.ActiveCfg = Debug|Any CPU
		{56A1C739-B351-4632-B3D6-762D3C6ADFC3}.Debug|Any CPU.Build.0 = Debug|Any CPU
		{56A1C739-B351-4632-B3D6-762D3C6ADFC3}.Release|Any CPU.ActiveCfg = Release|Any CPU
		{56A1C739-B351-4632-B3D6-762D3C6ADFC3}.Release|Any CPU.Build.0 = Release|Any CPU
		{8161934E-2B37-4DA8-B480-A6E587D1C2D6}.Debug|Any CPU.ActiveCfg = Debug|Any CPU
		{8161934E-2B37-4DA8-B480-A6E587D1C2D6}.Debug|Any CPU.Build.0 = Debug|Any CPU
		{8161934E-2B37-4DA8-B480-A6E587D1C2D6}.Release|Any CPU.ActiveCfg = Release|Any CPU
		{8161934E-2B37-4DA8-B480-A6E587D1C2D6}.Release|Any CPU.Build.0 = Release|Any CPU
	EndGlobalSection
	GlobalSection(SolutionProperties) = preSolution
		HideSolutionNode = FALSE
	EndGlobalSection
	GlobalSection(ExtensibilityGlobals) = postSolution
		SolutionGuid = {CA0CA2B9-1F3D-48FF-B940-453E053A0B6F}
	EndGlobalSection
EndGlobal
